
Microsoft Visual Studio Solution File, Format Version 12.00
# Visual Studio Version 17
VisualStudioVersion = 17.11.35312.102
MinimumVisualStudioVersion = 10.0.40219.1
Project("{FAE04EC0-301F-11D3-BF4B-00C04F79EFBC}") = "legkiyyorven", "legkiyyorven\legkiyyorven.csproj", "{CD2EDAFD-8170-440D-9368-4A39DFBD856D}"
EndProject
Global
	GlobalSection(SolutionConfigurationPlatforms) = preSolution
		Debug|Any CPU = Debug|Any CPU
		Release|Any CPU = Release|Any CPU
	EndGlobalSection
	GlobalSection(ProjectConfigurationPlatforms) = postSolution
		{CD2EDAFD-8170-440D-9368-4A39DFBD856D}.Debug|Any CPU.ActiveCfg = Debug|Any CPU
		{CD2EDAFD-8170-440D-9368-4A39DFBD856D}.Debug|Any CPU.Build.0 = Debug|Any CPU
		{CD2EDAFD-8170-440D-9368-4A39DFBD856D}.Release|Any CPU.ActiveCfg = Release|Any CPU
		{CD2EDAFD-8170-440D-9368-4A39DFBD856D}.Release|Any CPU.Build.0 = Release|Any CPU
	EndGlobalSection
	GlobalSection(SolutionProperties) = preSolution
		HideSolutionNode = FALSE
	EndGlobalSection
	GlobalSection(ExtensibilityGlobals) = postSolution
		SolutionGuid = {86F09276-56A7-465C-8E6A-4B150872D038}
	EndGlobalSection
EndGlobal
